
Microsoft Visual Studio Solution File, Format Version 12.00
# Visual Studio Version 17
VisualStudioVersion = 17.8.34309.116
MinimumVisualStudioVersion = 10.0.40219.1
Project("{FAE04EC0-301F-11D3-BF4B-00C04F79EFBC}") = "Commerce.Web", "Commerce.Web\Commerce.Web.csproj", "{5F4777BC-DA74-4BD9-B0AB-DDE75A063A21}"
EndProject
Project("{FAE04EC0-301F-11D3-BF4B-00C04F79EFBC}") = "Commerce.Core", "Commerce.Core\Commerce.Core.csproj", "{3B7EC877-06D9-436E-B307-202242EBCBD8}"
EndProject
Project("{FAE04EC0-301F-11D3-BF4B-00C04F79EFBC}") = "Commerce.Repository", "Commerce.Repository\Commerce.Repository.csproj", "{A1B47050-55A1-4F46-B1FC-BC890209B30C}"
EndProject
Project("{FAE04EC0-301F-11D3-BF4B-00C04F79EFBC}") = "Commerce.Service", "Commerce.Service\Commerce.Service.csproj", "{09FC1F7A-0F96-44C5-98D8-42E68082BB86}"
EndProject
Project("{FAE04EC0-301F-11D3-BF4B-00C04F79EFBC}") = "Shared.Library", "Shared.Library\Shared.Library.csproj", "{2CFAE6F5-4715-4E24-B1FF-8684917B081E}"
EndProject
Global
	GlobalSection(SolutionConfigurationPlatforms) = preSolution
		Debug|Any CPU = Debug|Any CPU
		Release|Any CPU = Release|Any CPU
	EndGlobalSection
	GlobalSection(ProjectConfigurationPlatforms) = postSolution
		{5F4777BC-DA74-4BD9-B0AB-DDE75A063A21}.Debug|Any CPU.ActiveCfg = Debug|Any CPU
		{5F4777BC-DA74-4BD9-B0AB-DDE75A063A21}.Debug|Any CPU.Build.0 = Debug|Any CPU
		{5F4777BC-DA74-4BD9-B0AB-DDE75A063A21}.Release|Any CPU.ActiveCfg = Release|Any CPU
		{5F4777BC-DA74-4BD9-B0AB-DDE75A063A21}.Release|Any CPU.Build.0 = Release|Any CPU
		{3B7EC877-06D9-436E-B307-202242EBCBD8}.Debug|Any CPU.ActiveCfg = Debug|Any CPU
		{3B7EC877-06D9-436E-B307-202242EBCBD8}.Debug|Any CPU.Build.0 = Debug|Any CPU
		{3B7EC877-06D9-436E-B307-202242EBCBD8}.Release|Any CPU.ActiveCfg = Release|Any CPU
		{3B7EC877-06D9-436E-B307-202242EBCBD8}.Release|Any CPU.Build.0 = Release|Any CPU
		{A1B47050-55A1-4F46-B1FC-BC890209B30C}.Debug|Any CPU.ActiveCfg = Debug|Any CPU
		{A1B47050-55A1-4F46-B1FC-BC890209B30C}.Debug|Any CPU.Build.0 = Debug|Any CPU
		{A1B47050-55A1-4F46-B1FC-BC890209B30C}.Release|Any CPU.ActiveCfg = Release|Any CPU
		{A1B47050-55A1-4F46-B1FC-BC890209B30C}.Release|Any CPU.Build.0 = Release|Any CPU
		{09FC1F7A-0F96-44C5-98D8-42E68082BB86}.Debug|Any CPU.ActiveCfg = Debug|Any CPU
		{09FC1F7A-0F96-44C5-98D8-42E68082BB86}.Debug|Any CPU.Build.0 = Debug|Any CPU
		{09FC1F7A-0F96-44C5-98D8-42E68082BB86}.Release|Any CPU.ActiveCfg = Release|Any CPU
		{09FC1F7A-0F96-44C5-98D8-42E68082BB86}.Release|Any CPU.Build.0 = Release|Any CPU
		{2CFAE6F5-4715-4E24-B1FF-8684917B081E}.Debug|Any CPU.ActiveCfg = Debug|Any CPU
		{2CFAE6F5-4715-4E24-B1FF-8684917B081E}.Debug|Any CPU.Build.0 = Debug|Any CPU
		{2CFAE6F5-4715-4E24-B1FF-8684917B081E}.Release|Any CPU.ActiveCfg = Release|Any CPU
		{2CFAE6F5-4715-4E24-B1FF-8684917B081E}.Release|Any CPU.Build.0 = Release|Any CPU
	EndGlobalSection
	GlobalSection(SolutionProperties) = preSolution
		HideSolutionNode = FALSE
	EndGlobalSection
	GlobalSection(ExtensibilityGlobals) = postSolution
		SolutionGuid = {ACD2914E-B28B-41E0-BC87-960C2EB1F453}
	EndGlobalSection
EndGlobal
